<?xml version="1.0" encoding="utf-8"?>
<Project ToolsVersion="4.0" xmlns="http://schemas.microsoft.com/developer/msbuild/2003">
  <ItemGroup>
    <Filter Include="Source Files">
      <UniqueIdentifier>{4FC737F1-C7A5-4376-A066-2A32D752A2FF}</UniqueIdentifier>
      <Extensions>cpp;c;cc;cxx;c++;cppm;ixx;def;odl;idl;hpj;bat;asm;asmx</Extensions>
    </Filter>
    <Filter Include="Header Files">
      <UniqueIdentifier>{93995380-89BD-4b04-88EB-625FBE52EBFB}</UniqueIdentifier>
      <Extensions>h;hh;hpp;hxx;h++;hm;inl;inc;ipp;xsd</Extensions>
    </Filter>
    <Filter Include="Resource Files">
      <UniqueIdentifier>{67DA6AB6-F800-4c08-8B7A-83BB121AAD01}</UniqueIdentifier>
      <Extensions>rc;ico;cur;bmp;dlg;rc2;rct;bin;rgs;gif;jpg;jpeg;jpe;resx;tiff;tif;png;wav;mfcribbon-ms</Extensions>
    </Filter>
    <Filter Include="Source Files\src">
      <UniqueIdentifier>{34f8a626-214b-4c7f-8fc9-030c3c0aeb02}</UniqueIdentifier>
    </Filter>
  </ItemGroup>
  <ItemGroup>
    <ClCompile Include="src\ConceptsSelfStudy.cpp">
      <Filter>Source Files</Filter>
    </ClCompile>
    <ClCompile Include="src\cpp\03_Autos.cpp">
      <Filter>Source Files\src</Filter>
    </ClCompile>
    <ClCompile Include="src\cpp\05_MultipleParameters.cpp">
      <Filter>Source Files\src</Filter>
    </ClCompile>
    <ClCompile Include="src\cpp\06_MultipleRequirements.cpp">
      <Filter>Source Files\src</Filter>
    </ClCompile>
    <ClCompile Include="src\cpp\04_Ranges.cpp">
      <Filter>Source Files\src</Filter>
    </ClCompile>
    <ClCompile Include="src\cpp\01_Introduction.cpp">
      <Filter>Source Files\src</Filter>
    </ClCompile>
    <ClCompile Include="src\cpp\02_InvalidConcept.cpp">
      <Filter>Source Files\src</Filter>
    </ClCompile>
    <ClCompile Include="src\cpp\07_RequiresRequires.cpp">
      <Filter>Source Files\src</Filter>
    </ClCompile>
    <ClCompile Include="src\cpp\08_Conditional.cpp">
      <Filter>Source Files\src</Filter>
    </ClCompile>
    <ClCompile Include="src\cpp\09_Ambiguties.cpp">
      <Filter>Source Files\src</Filter>
    </ClCompile>
    <ClCompile Include="src\cpp\10_Subsumption.cpp">
      <Filter>Source Files\src</Filter>
    </ClCompile>
    <ClCompile Include="src\cpp\11_SubsumeNotAutomatic.cpp">
      <Filter>Source Files\src</Filter>
    </ClCompile>
    <ClCompile Include="src\cpp\12_ConstraintsForMembers.cpp">
      <Filter>Source Files\src</Filter>
    </ClCompile>
    <ClCompile Include="src\cpp\13_ConstraintsForNonTypes.cpp">
      <Filter>Source Files\src</Filter>
    </ClCompile>
  </ItemGroup>
  <ItemGroup>
    <ClInclude Include="src\include\01_Introduction.h">
      <Filter>Header Files</Filter>
    </ClInclude>
    <ClInclude Include="src\include\02_InvalidConcept.h">
      <Filter>Header Files</Filter>
    </ClInclude>
    <ClInclude Include="src\include\03_Autos.h">
      <Filter>Header Files</Filter>
    </ClInclude>
    <ClInclude Include="src\include\04_Ranges.h">
      <Filter>Header Files</Filter>
    </ClInclude>
    <ClInclude Include="src\include\05_MultipleParameters.h">
      <Filter>Header Files</Filter>
    </ClInclude>
    <ClInclude Include="src\include\06_MultipleRequirements.h">
      <Filter>Header Files</Filter>
    </ClInclude>
    <ClInclude Include="src\include\07_RequiresRequires.h">
      <Filter>Header Files</Filter>
    </ClInclude>
    <ClInclude Include="src\include\08_Conditional.h">
      <Filter>Header Files</Filter>
    </ClInclude>
    <ClInclude Include="src\include\09_Ambiguties.h">
      <Filter>Header Files</Filter>
    </ClInclude>
    <ClInclude Include="src\include\10_Subsumption.h">
      <Filter>Header Files</Filter>
    </ClInclude>
    <ClInclude Include="src\include\11_SubsumeNotAutomatic.h">
      <Filter>Header Files</Filter>
    </ClInclude>
    <ClInclude Include="src\include\12_ConstraintsForMembers.h">
      <Filter>Header Files</Filter>
    </ClInclude>
    <ClInclude Include="src\include\13_ConstraintsForNonTypes.h">
      <Filter>Header Files</Filter>
    </ClInclude>
  </ItemGroup>
</Project>